
Microsoft Visual Studio Solution File, Format Version 12.00
# Visual Studio Version 16
VisualStudioVersion = 16.0.33801.447
MinimumVisualStudioVersion = 10.0.40219.1
Project("{FAE04EC0-301F-11D3-BF4B-00C04F79EFBC}") = "VeterinerAppxx", "VeterinerAppxx\VeterinerAppxx.csproj", "{407C94B5-B334-48BC-806F-437F52BC8C66}"
EndProject
Global
	GlobalSection(SolutionConfigurationPlatforms) = preSolution
		Debug|Any CPU = Debug|Any CPU
		Release|Any CPU = Release|Any CPU
	EndGlobalSection
	GlobalSection(ProjectConfigurationPlatforms) = postSolution
		{407C94B5-B334-48BC-806F-437F52BC8C66}.Debug|Any CPU.ActiveCfg = Debug|Any CPU
		{407C94B5-B334-48BC-806F-437F52BC8C66}.Debug|Any CPU.Build.0 = Debug|Any CPU
		{407C94B5-B334-48BC-806F-437F52BC8C66}.Release|Any CPU.ActiveCfg = Release|Any CPU
		{407C94B5-B334-48BC-806F-437F52BC8C66}.Release|Any CPU.Build.0 = Release|Any CPU
	EndGlobalSection
	GlobalSection(SolutionProperties) = preSolution
		HideSolutionNode = FALSE
	EndGlobalSection
	GlobalSection(ExtensibilityGlobals) = postSolution
		SolutionGuid = {B5FA3844-921C-4139-B906-C40A348187A5}
	EndGlobalSection
EndGlobal
